// !$*UTF8*$!
{
	archiveVersion = 1;
	classes = {
	};
	objectVersion = 56;
	objects = {

/* Begin PBXBuildFile section */
		310826462C85496300DE7E79 /* HomeViewController.swift in Sources */ = {isa = PBXBuildFile; fileRef = 310826452C85496300DE7E79 /* HomeViewController.swift */; };
		3108264A2C8549AB00DE7E79 /* HomeCell.swift in Sources */ = {isa = PBXBuildFile; fileRef = 310826482C8549AB00DE7E79 /* HomeCell.swift */; };
		3108264B2C8549AB00DE7E79 /* HomeCell.xib in Resources */ = {isa = PBXBuildFile; fileRef = 310826492C8549AB00DE7E79 /* HomeCell.xib */; };
		3108264F2C854A1600DE7E79 /* HistoryCell.swift in Sources */ = {isa = PBXBuildFile; fileRef = 3108264D2C854A1600DE7E79 /* HistoryCell.swift */; };
		310826502C854A1600DE7E79 /* HistoryCell.xib in Resources */ = {isa = PBXBuildFile; fileRef = 3108264E2C854A1600DE7E79 /* HistoryCell.xib */; };
		310826532C854AC100DE7E79 /* FilterViewController.swift in Sources */ = {isa = PBXBuildFile; fileRef = 310826522C854AC100DE7E79 /* FilterViewController.swift */; };
		310826562C854AF600DE7E79 /* DateViewController.swift in Sources */ = {isa = PBXBuildFile; fileRef = 310826552C854AF600DE7E79 /* DateViewController.swift */; };
		310826592C854B2D00DE7E79 /* ViewRoverPhotoViewController.swift in Sources */ = {isa = PBXBuildFile; fileRef = 310826582C854B2D00DE7E79 /* ViewRoverPhotoViewController.swift */; };
		3108265D2C854B7000DE7E79 /* ViewCollectionCell.swift in Sources */ = {isa = PBXBuildFile; fileRef = 3108265B2C854B7000DE7E79 /* ViewCollectionCell.swift */; };
		3108265E2C854B7000DE7E79 /* ViewCollectionCell.xib in Resources */ = {isa = PBXBuildFile; fileRef = 3108265C2C854B7000DE7E79 /* ViewCollectionCell.xib */; };
		310826612C854BD200DE7E79 /* SaveFiltersViewController.swift in Sources */ = {isa = PBXBuildFile; fileRef = 310826602C854BD200DE7E79 /* SaveFiltersViewController.swift */; };
		310826642C854C0000DE7E79 /* MenuCardViewController.swift in Sources */ = {isa = PBXBuildFile; fileRef = 310826632C854C0000DE7E79 /* MenuCardViewController.swift */; };
		310826672C854C4200DE7E79 /* FilterSelectionDelegate.swift in Sources */ = {isa = PBXBuildFile; fileRef = 310826662C854C4200DE7E79 /* FilterSelectionDelegate.swift */; };
		310826692C854C5F00DE7E79 /* HistoryViewControllerDelegate.swift in Sources */ = {isa = PBXBuildFile; fileRef = 310826682C854C5F00DE7E79 /* HistoryViewControllerDelegate.swift */; };
		3108266B2C854C7B00DE7E79 /* MenuCardViewControllerDelegate.swift in Sources */ = {isa = PBXBuildFile; fileRef = 3108266A2C854C7B00DE7E79 /* MenuCardViewControllerDelegate.swift */; };
		3108266D2C854C9D00DE7E79 /* HomeCellDelegate.swift in Sources */ = {isa = PBXBuildFile; fileRef = 3108266C2C854C9D00DE7E79 /* HomeCellDelegate.swift */; };
		310826702C854CCB00DE7E79 /* CoreDataService.swift in Sources */ = {isa = PBXBuildFile; fileRef = 3108266F2C854CCB00DE7E79 /* CoreDataService.swift */; };
		310826722C854CE700DE7E79 /* NetworkService.swift in Sources */ = {isa = PBXBuildFile; fileRef = 310826712C854CE700DE7E79 /* NetworkService.swift */; };
		310826742C854D0600DE7E79 /* ImageCache.swift in Sources */ = {isa = PBXBuildFile; fileRef = 310826732C854D0600DE7E79 /* ImageCache.swift */; };
		310826772C854D3200DE7E79 /* HomeViewModel.swift in Sources */ = {isa = PBXBuildFile; fileRef = 310826762C854D3200DE7E79 /* HomeViewModel.swift */; };
		3108267A2C854D5F00DE7E79 /* Photo.swift in Sources */ = {isa = PBXBuildFile; fileRef = 310826792C854D5F00DE7E79 /* Photo.swift */; };
		3108267C2C854D7800DE7E79 /* PhotosResponse.swift in Sources */ = {isa = PBXBuildFile; fileRef = 3108267B2C854D7800DE7E79 /* PhotosResponse.swift */; };
		3108267E2C854D8E00DE7E79 /* RoversResponse.swift in Sources */ = {isa = PBXBuildFile; fileRef = 3108267D2C854D8E00DE7E79 /* RoversResponse.swift */; };
		310826802C854DA500DE7E79 /* Model.swift in Sources */ = {isa = PBXBuildFile; fileRef = 3108267F2C854DA500DE7E79 /* Model.swift */; };
		310826822C854DC200DE7E79 /* PhotoCamera.swift in Sources */ = {isa = PBXBuildFile; fileRef = 310826812C854DC200DE7E79 /* PhotoCamera.swift */; };
		310826842C854DDB00DE7E79 /* Rover.swift in Sources */ = {isa = PBXBuildFile; fileRef = 310826832C854DDB00DE7E79 /* Rover.swift */; };
		310826862C854DF300DE7E79 /* CameraElement.swift in Sources */ = {isa = PBXBuildFile; fileRef = 310826852C854DF300DE7E79 /* CameraElement.swift */; };
		310826882C854EB100DE7E79 /* HistoryViewController.swift in Sources */ = {isa = PBXBuildFile; fileRef = 310826872C854EB100DE7E79 /* HistoryViewController.swift */; };
		31B13F4B2C854620009EB449 /* AppDelegate.swift in Sources */ = {isa = PBXBuildFile; fileRef = 31B13F4A2C854620009EB449 /* AppDelegate.swift */; };
		31B13F4D2C854620009EB449 /* SceneDelegate.swift in Sources */ = {isa = PBXBuildFile; fileRef = 31B13F4C2C854620009EB449 /* SceneDelegate.swift */; };
		31B13F522C854620009EB449 /* Base in Resources */ = {isa = PBXBuildFile; fileRef = 31B13F512C854620009EB449 /* Base */; };
		31B13F542C854623009EB449 /* Assets.xcassets in Resources */ = {isa = PBXBuildFile; fileRef = 31B13F532C854623009EB449 /* Assets.xcassets */; };
		31B13F572C854623009EB449 /* Base in Resources */ = {isa = PBXBuildFile; fileRef = 31B13F562C854623009EB449 /* Base */; };
		31B13F622C854624009EB449 /* MarsViewProjectTests.swift in Sources */ = {isa = PBXBuildFile; fileRef = 31B13F612C854624009EB449 /* MarsViewProjectTests.swift */; };
		31B13F6C2C854624009EB449 /* MarsViewProjectUITests.swift in Sources */ = {isa = PBXBuildFile; fileRef = 31B13F6B2C854624009EB449 /* MarsViewProjectUITests.swift */; };
		31B13F6E2C854624009EB449 /* MarsViewProjectUITestsLaunchTests.swift in Sources */ = {isa = PBXBuildFile; fileRef = 31B13F6D2C854624009EB449 /* MarsViewProjectUITestsLaunchTests.swift */; };
		31B13F7C2C85465E009EB449 /* FiltersModel.xcdatamodeld in Sources */ = {isa = PBXBuildFile; fileRef = 31B13F7A2C85465E009EB449 /* FiltersModel.xcdatamodeld */; };
		31B13F7F2C8546F3009EB449 /* FiltersMode+CoreDataClass.swift in Sources */ = {isa = PBXBuildFile; fileRef = 31B13F7D2C8546F3009EB449 /* FiltersMode+CoreDataClass.swift */; };
		31B13F802C8546F3009EB449 /* FiltersMode+CoreDataProperties.swift in Sources */ = {isa = PBXBuildFile; fileRef = 31B13F7E2C8546F3009EB449 /* FiltersMode+CoreDataProperties.swift */; };
/* End PBXBuildFile section */

/* Begin PBXContainerItemProxy section */
		31B13F5E2C854624009EB449 /* PBXContainerItemProxy */ = {
			isa = PBXContainerItemProxy;
			containerPortal = 31B13F3F2C854620009EB449 /* Project object */;
			proxyType = 1;
			remoteGlobalIDString = 31B13F462C854620009EB449;
			remoteInfo = MarsViewProject;
		};
		31B13F682C854624009EB449 /* PBXContainerItemProxy */ = {
			isa = PBXContainerItemProxy;
			containerPortal = 31B13F3F2C854620009EB449 /* Project object */;
			proxyType = 1;
			remoteGlobalIDString = 31B13F462C854620009EB449;
			remoteInfo = MarsViewProject;
		};
/* End PBXContainerItemProxy section */

/* Begin PBXFileReference section */
		310826452C85496300DE7E79 /* HomeViewController.swift */ = {isa = PBXFileReference; lastKnownFileType = sourcecode.swift; path = HomeViewController.swift; sourceTree = "<group>"; };
		310826482C8549AB00DE7E79 /* HomeCell.swift */ = {isa = PBXFileReference; lastKnownFileType = sourcecode.swift; path = HomeCell.swift; sourceTree = "<group>"; };
		310826492C8549AB00DE7E79 /* HomeCell.xib */ = {isa = PBXFileReference; lastKnownFileType = file.xib; path = HomeCell.xib; sourceTree = "<group>"; };
		3108264D2C854A1600DE7E79 /* HistoryCell.swift */ = {isa = PBXFileReference; lastKnownFileType = sourcecode.swift; path = HistoryCell.swift; sourceTree = "<group>"; };
		3108264E2C854A1600DE7E79 /* HistoryCell.xib */ = {isa = PBXFileReference; lastKnownFileType = file.xib; path = HistoryCell.xib; sourceTree = "<group>"; };
		310826522C854AC100DE7E79 /* FilterViewController.swift */ = {isa = PBXFileReference; lastKnownFileType = sourcecode.swift; path = FilterViewController.swift; sourceTree = "<group>"; };
		310826552C854AF600DE7E79 /* DateViewController.swift */ = {isa = PBXFileReference; lastKnownFileType = sourcecode.swift; path = DateViewController.swift; sourceTree = "<group>"; };
		310826582C854B2D00DE7E79 /* ViewRoverPhotoViewController.swift */ = {isa = PBXFileReference; lastKnownFileType = sourcecode.swift; path = ViewRoverPhotoViewController.swift; sourceTree = "<group>"; };
		3108265B2C854B7000DE7E79 /* ViewCollectionCell.swift */ = {isa = PBXFileReference; lastKnownFileType = sourcecode.swift; path = ViewCollectionCell.swift; sourceTree = "<group>"; };
		3108265C2C854B7000DE7E79 /* ViewCollectionCell.xib */ = {isa = PBXFileReference; lastKnownFileType = file.xib; path = ViewCollectionCell.xib; sourceTree = "<group>"; };
		310826602C854BD200DE7E79 /* SaveFiltersViewController.swift */ = {isa = PBXFileReference; lastKnownFileType = sourcecode.swift; path = SaveFiltersViewController.swift; sourceTree = "<group>"; };
		310826632C854C0000DE7E79 /* MenuCardViewController.swift */ = {isa = PBXFileReference; lastKnownFileType = sourcecode.swift; path = MenuCardViewController.swift; sourceTree = "<group>"; };
		310826662C854C4200DE7E79 /* FilterSelectionDelegate.swift */ = {isa = PBXFileReference; lastKnownFileType = sourcecode.swift; path = FilterSelectionDelegate.swift; sourceTree = "<group>"; };
		310826682C854C5F00DE7E79 /* HistoryViewControllerDelegate.swift */ = {isa = PBXFileReference; lastKnownFileType = sourcecode.swift; path = HistoryViewControllerDelegate.swift; sourceTree = "<group>"; };
		3108266A2C854C7B00DE7E79 /* MenuCardViewControllerDelegate.swift */ = {isa = PBXFileReference; lastKnownFileType = sourcecode.swift; path = MenuCardViewControllerDelegate.swift; sourceTree = "<group>"; };
		3108266C2C854C9D00DE7E79 /* HomeCellDelegate.swift */ = {isa = PBXFileReference; lastKnownFileType = sourcecode.swift; path = HomeCellDelegate.swift; sourceTree = "<group>"; };
		3108266F2C854CCB00DE7E79 /* CoreDataService.swift */ = {isa = PBXFileReference; lastKnownFileType = sourcecode.swift; path = CoreDataService.swift; sourceTree = "<group>"; };
		310826712C854CE700DE7E79 /* NetworkService.swift */ = {isa = PBXFileReference; lastKnownFileType = sourcecode.swift; path = NetworkService.swift; sourceTree = "<group>"; };
		310826732C854D0600DE7E79 /* ImageCache.swift */ = {isa = PBXFileReference; lastKnownFileType = sourcecode.swift; path = ImageCache.swift; sourceTree = "<group>"; };
		310826762C854D3200DE7E79 /* HomeViewModel.swift */ = {isa = PBXFileReference; lastKnownFileType = sourcecode.swift; path = HomeViewModel.swift; sourceTree = "<group>"; };
		310826792C854D5F00DE7E79 /* Photo.swift */ = {isa = PBXFileReference; lastKnownFileType = sourcecode.swift; path = Photo.swift; sourceTree = "<group>"; };
		3108267B2C854D7800DE7E79 /* PhotosResponse.swift */ = {isa = PBXFileReference; lastKnownFileType = sourcecode.swift; path = PhotosResponse.swift; sourceTree = "<group>"; };
		3108267D2C854D8E00DE7E79 /* RoversResponse.swift */ = {isa = PBXFileReference; lastKnownFileType = sourcecode.swift; path = RoversResponse.swift; sourceTree = "<group>"; };
		3108267F2C854DA500DE7E79 /* Model.swift */ = {isa = PBXFileReference; lastKnownFileType = sourcecode.swift; path = Model.swift; sourceTree = "<group>"; };
		310826812C854DC200DE7E79 /* PhotoCamera.swift */ = {isa = PBXFileReference; lastKnownFileType = sourcecode.swift; path = PhotoCamera.swift; sourceTree = "<group>"; };
		310826832C854DDB00DE7E79 /* Rover.swift */ = {isa = PBXFileReference; lastKnownFileType = sourcecode.swift; path = Rover.swift; sourceTree = "<group>"; };
		310826852C854DF300DE7E79 /* CameraElement.swift */ = {isa = PBXFileReference; lastKnownFileType = sourcecode.swift; path = CameraElement.swift; sourceTree = "<group>"; };
		310826872C854EB100DE7E79 /* HistoryViewController.swift */ = {isa = PBXFileReference; lastKnownFileType = sourcecode.swift; path = HistoryViewController.swift; sourceTree = "<group>"; };
		319352B32C85486400469869 /* FiltersModel.xcdatamodel */ = {isa = PBXFileReference; lastKnownFileType = wrapper.xcdatamodel; path = FiltersModel.xcdatamodel; sourceTree = "<group>"; };
		31B13F472C854620009EB449 /* MarsViewProject.app */ = {isa = PBXFileReference; explicitFileType = wrapper.application; includeInIndex = 0; path = MarsViewProject.app; sourceTree = BUILT_PRODUCTS_DIR; };
		31B13F4A2C854620009EB449 /* AppDelegate.swift */ = {isa = PBXFileReference; lastKnownFileType = sourcecode.swift; path = AppDelegate.swift; sourceTree = "<group>"; };
		31B13F4C2C854620009EB449 /* SceneDelegate.swift */ = {isa = PBXFileReference; lastKnownFileType = sourcecode.swift; path = SceneDelegate.swift; sourceTree = "<group>"; };
		31B13F512C854620009EB449 /* Base */ = {isa = PBXFileReference; lastKnownFileType = file.storyboard; name = Base; path = Base.lproj/Main.storyboard; sourceTree = "<group>"; };
		31B13F532C854623009EB449 /* Assets.xcassets */ = {isa = PBXFileReference; lastKnownFileType = folder.assetcatalog; path = Assets.xcassets; sourceTree = "<group>"; };
		31B13F562C854623009EB449 /* Base */ = {isa = PBXFileReference; lastKnownFileType = file.storyboard; name = Base; path = Base.lproj/LaunchScreen.storyboard; sourceTree = "<group>"; };
		31B13F582C854623009EB449 /* Info.plist */ = {isa = PBXFileReference; lastKnownFileType = text.plist.xml; path = Info.plist; sourceTree = "<group>"; };
		31B13F5D2C854624009EB449 /* MarsViewProjectTests.xctest */ = {isa = PBXFileReference; explicitFileType = wrapper.cfbundle; includeInIndex = 0; path = MarsViewProjectTests.xctest; sourceTree = BUILT_PRODUCTS_DIR; };
		31B13F612C854624009EB449 /* MarsViewProjectTests.swift */ = {isa = PBXFileReference; lastKnownFileType = sourcecode.swift; path = MarsViewProjectTests.swift; sourceTree = "<group>"; };
		31B13F672C854624009EB449 /* MarsViewProjectUITests.xctest */ = {isa = PBXFileReference; explicitFileType = wrapper.cfbundle; includeInIndex = 0; path = MarsViewProjectUITests.xctest; sourceTree = BUILT_PRODUCTS_DIR; };
		31B13F6B2C854624009EB449 /* MarsViewProjectUITests.swift */ = {isa = PBXFileReference; lastKnownFileType = sourcecode.swift; path = MarsViewProjectUITests.swift; sourceTree = "<group>"; };
		31B13F6D2C854624009EB449 /* MarsViewProjectUITestsLaunchTests.swift */ = {isa = PBXFileReference; lastKnownFileType = sourcecode.swift; path = MarsViewProjectUITestsLaunchTests.swift; sourceTree = "<group>"; };
		31B13F7B2C85465E009EB449 /* FiltersModel.xcdatamodel */ = {isa = PBXFileReference; lastKnownFileType = wrapper.xcdatamodel; path = FiltersModel.xcdatamodel; sourceTree = "<group>"; };
		31B13F7D2C8546F3009EB449 /* FiltersMode+CoreDataClass.swift */ = {isa = PBXFileReference; lastKnownFileType = sourcecode.swift; name = "FiltersMode+CoreDataClass.swift"; path = "MarsViewProject/DataBase/FiltersMode+CoreDataClass.swift"; sourceTree = SOURCE_ROOT; };
		31B13F7E2C8546F3009EB449 /* FiltersMode+CoreDataProperties.swift */ = {isa = PBXFileReference; lastKnownFileType = sourcecode.swift; name = "FiltersMode+CoreDataProperties.swift"; path = "MarsViewProject/DataBase/FiltersMode+CoreDataProperties.swift"; sourceTree = SOURCE_ROOT; };
/* End PBXFileReference section */

/* Begin PBXFrameworksBuildPhase section */
		31B13F442C854620009EB449 /* Frameworks */ = {
			isa = PBXFrameworksBuildPhase;
			buildActionMask = 2147483647;
			files = (
			);
			runOnlyForDeploymentPostprocessing = 0;
		};
		31B13F5A2C854624009EB449 /* Frameworks */ = {
			isa = PBXFrameworksBuildPhase;
			buildActionMask = 2147483647;
			files = (
			);
			runOnlyForDeploymentPostprocessing = 0;
		};
		31B13F642C854624009EB449 /* Frameworks */ = {
			isa = PBXFrameworksBuildPhase;
			buildActionMask = 2147483647;
			files = (
			);
			runOnlyForDeploymentPostprocessing = 0;
		};
/* End PBXFrameworksBuildPhase section */

/* Begin PBXGroup section */
		310826432C85493800DE7E79 /* ViewControllers */ = {
			isa = PBXGroup;
			children = (
				310826622C854BED00DE7E79 /* MenuCardViewController */,
				3108265F2C854BBA00DE7E79 /* SaveFiltersViewController */,
				310826572C854B1B00DE7E79 /* ViewRoverPhotoViewController */,
				310826542C854ADF00DE7E79 /* DateViewController */,
				310826512C854AAA00DE7E79 /* FilterViewController */,
				3108264C2C8549FA00DE7E79 /* HistoryViewController */,
				310826442C85494200DE7E79 /* HomeViewController */,
			);
			path = ViewControllers;
			sourceTree = "<group>";
		};
		310826442C85494200DE7E79 /* HomeViewController */ = {
			isa = PBXGroup;
			children = (
				310826472C85497D00DE7E79 /* Cells */,
				310826452C85496300DE7E79 /* HomeViewController.swift */,
			);
			path = HomeViewController;
			sourceTree = "<group>";
		};
		310826472C85497D00DE7E79 /* Cells */ = {
			isa = PBXGroup;
			children = (
				310826482C8549AB00DE7E79 /* HomeCell.swift */,
				310826492C8549AB00DE7E79 /* HomeCell.xib */,
			);
			path = Cells;
			sourceTree = "<group>";
		};
		3108264C2C8549FA00DE7E79 /* HistoryViewController */ = {
			isa = PBXGroup;
			children = (
				310826892C854EC000DE7E79 /* Cells */,
				310826872C854EB100DE7E79 /* HistoryViewController.swift */,
			);
			path = HistoryViewController;
			sourceTree = "<group>";
		};
		310826512C854AAA00DE7E79 /* FilterViewController */ = {
			isa = PBXGroup;
			children = (
				310826522C854AC100DE7E79 /* FilterViewController.swift */,
			);
			path = FilterViewController;
			sourceTree = "<group>";
		};
		310826542C854ADF00DE7E79 /* DateViewController */ = {
			isa = PBXGroup;
			children = (
				310826552C854AF600DE7E79 /* DateViewController.swift */,
			);
			path = DateViewController;
			sourceTree = "<group>";
		};
		310826572C854B1B00DE7E79 /* ViewRoverPhotoViewController */ = {
			isa = PBXGroup;
			children = (
				310826582C854B2D00DE7E79 /* ViewRoverPhotoViewController.swift */,
				3108265A2C854B4100DE7E79 /* Cells */,
			);
			path = ViewRoverPhotoViewController;
			sourceTree = "<group>";
		};
		3108265A2C854B4100DE7E79 /* Cells */ = {
			isa = PBXGroup;
			children = (
				3108265B2C854B7000DE7E79 /* ViewCollectionCell.swift */,
				3108265C2C854B7000DE7E79 /* ViewCollectionCell.xib */,
			);
			path = Cells;
			sourceTree = "<group>";
		};
		3108265F2C854BBA00DE7E79 /* SaveFiltersViewController */ = {
			isa = PBXGroup;
			children = (
				310826602C854BD200DE7E79 /* SaveFiltersViewController.swift */,
			);
			path = SaveFiltersViewController;
			sourceTree = "<group>";
		};
		310826622C854BED00DE7E79 /* MenuCardViewController */ = {
			isa = PBXGroup;
			children = (
				310826632C854C0000DE7E79 /* MenuCardViewController.swift */,
			);
			path = MenuCardViewController;
			sourceTree = "<group>";
		};
		310826652C854C2800DE7E79 /* Protocols */ = {
			isa = PBXGroup;
			children = (
				310826662C854C4200DE7E79 /* FilterSelectionDelegate.swift */,
				310826682C854C5F00DE7E79 /* HistoryViewControllerDelegate.swift */,
				3108266C2C854C9D00DE7E79 /* HomeCellDelegate.swift */,
				3108266A2C854C7B00DE7E79 /* MenuCardViewControllerDelegate.swift */,
			);
			path = Protocols;
			sourceTree = "<group>";
		};
		3108266E2C854CB900DE7E79 /* Services */ = {
			isa = PBXGroup;
			children = (
				3108266F2C854CCB00DE7E79 /* CoreDataService.swift */,
				310826712C854CE700DE7E79 /* NetworkService.swift */,
				310826732C854D0600DE7E79 /* ImageCache.swift */,
			);
			path = Services;
			sourceTree = "<group>";
		};
		310826752C854D1B00DE7E79 /* ViewModels */ = {
			isa = PBXGroup;
			children = (
				310826762C854D3200DE7E79 /* HomeViewModel.swift */,
			);
			path = ViewModels;
			sourceTree = "<group>";
		};
		310826782C854D4900DE7E79 /* Models */ = {
			isa = PBXGroup;
			children = (
				310826792C854D5F00DE7E79 /* Photo.swift */,
				3108267F2C854DA500DE7E79 /* Model.swift */,
				310826852C854DF300DE7E79 /* CameraElement.swift */,
				310826812C854DC200DE7E79 /* PhotoCamera.swift */,
				310826832C854DDB00DE7E79 /* Rover.swift */,
				3108267D2C854D8E00DE7E79 /* RoversResponse.swift */,
				3108267B2C854D7800DE7E79 /* PhotosResponse.swift */,
			);
			path = Models;
			sourceTree = "<group>";
		};
		310826892C854EC000DE7E79 /* Cells */ = {
			isa = PBXGroup;
			children = (
				3108264E2C854A1600DE7E79 /* HistoryCell.xib */,
				3108264D2C854A1600DE7E79 /* HistoryCell.swift */,
			);
			path = Cells;
			sourceTree = "<group>";
		};
		31B13F3E2C854620009EB449 = {
			isa = PBXGroup;
			children = (
				31B13F492C854620009EB449 /* MarsViewProject */,
				31B13F602C854624009EB449 /* MarsViewProjectTests */,
				31B13F6A2C854624009EB449 /* MarsViewProjectUITests */,
				31B13F482C854620009EB449 /* Products */,
			);
			sourceTree = "<group>";
		};
		31B13F482C854620009EB449 /* Products */ = {
			isa = PBXGroup;
			children = (
				31B13F472C854620009EB449 /* MarsViewProject.app */,
				31B13F5D2C854624009EB449 /* MarsViewProjectTests.xctest */,
				31B13F672C854624009EB449 /* MarsViewProjectUITests.xctest */,
			);
			name = Products;
			sourceTree = "<group>";
		};
		31B13F492C854620009EB449 /* MarsViewProject */ = {
			isa = PBXGroup;
			children = (
				31B13F4A2C854620009EB449 /* AppDelegate.swift */,
				31B13F4C2C854620009EB449 /* SceneDelegate.swift */,
				310826782C854D4900DE7E79 /* Models */,
				310826752C854D1B00DE7E79 /* ViewModels */,
				3108266E2C854CB900DE7E79 /* Services */,
				310826652C854C2800DE7E79 /* Protocols */,
				310826432C85493800DE7E79 /* ViewControllers */,
				31B13F7A2C85465E009EB449 /* FiltersModel.xcdatamodeld */,
				31B13F812C854702009EB449 /* DataBase */,
				31B13F502C854620009EB449 /* Main.storyboard */,
				31B13F532C854623009EB449 /* Assets.xcassets */,
				31B13F552C854623009EB449 /* LaunchScreen.storyboard */,
				31B13F582C854623009EB449 /* Info.plist */,
			);
			path = MarsViewProject;
			sourceTree = "<group>";
		};
		31B13F602C854624009EB449 /* MarsViewProjectTests */ = {
			isa = PBXGroup;
			children = (
				31B13F612C854624009EB449 /* MarsViewProjectTests.swift */,
			);
			path = MarsViewProjectTests;
			sourceTree = "<group>";
		};
		31B13F6A2C854624009EB449 /* MarsViewProjectUITests */ = {
			isa = PBXGroup;
			children = (
				31B13F6B2C854624009EB449 /* MarsViewProjectUITests.swift */,
				31B13F6D2C854624009EB449 /* MarsViewProjectUITestsLaunchTests.swift */,
			);
			path = MarsViewProjectUITests;
			sourceTree = "<group>";
		};
		31B13F812C854702009EB449 /* DataBase */ = {
			isa = PBXGroup;
			children = (
				319352B22C85486400469869 /* FiltersModel.xcdatamodeld */,
				31B13F7D2C8546F3009EB449 /* FiltersMode+CoreDataClass.swift */,
				31B13F7E2C8546F3009EB449 /* FiltersMode+CoreDataProperties.swift */,
			);
			path = DataBase;
			sourceTree = "<group>";
		};
/* End PBXGroup section */

/* Begin PBXNativeTarget section */
		31B13F462C854620009EB449 /* MarsViewProject */ = {
			isa = PBXNativeTarget;
			buildConfigurationList = 31B13F712C854624009EB449 /* Build configuration list for PBXNativeTarget "MarsViewProject" */;
			buildPhases = (
				31B13F432C854620009EB449 /* Sources */,
				31B13F442C854620009EB449 /* Frameworks */,
				31B13F452C854620009EB449 /* Resources */,
			);
			buildRules = (
			);
			dependencies = (
			);
			name = MarsViewProject;
			productName = MarsViewProject;
			productReference = 31B13F472C854620009EB449 /* MarsViewProject.app */;
			productType = "com.apple.product-type.application";
		};
		31B13F5C2C854624009EB449 /* MarsViewProjectTests */ = {
			isa = PBXNativeTarget;
			buildConfigurationList = 31B13F742C854624009EB449 /* Build configuration list for PBXNativeTarget "MarsViewProjectTests" */;
			buildPhases = (
				31B13F592C854624009EB449 /* Sources */,
				31B13F5A2C854624009EB449 /* Frameworks */,
				31B13F5B2C854624009EB449 /* Resources */,
			);
			buildRules = (
			);
			dependencies = (
				31B13F5F2C854624009EB449 /* PBXTargetDependency */,
			);
			name = MarsViewProjectTests;
			productName = MarsViewProjectTests;
			productReference = 31B13F5D2C854624009EB449 /* MarsViewProjectTests.xctest */;
			productType = "com.apple.product-type.bundle.unit-test";
		};
		31B13F662C854624009EB449 /* MarsViewProjectUITests */ = {
			isa = PBXNativeTarget;
			buildConfigurationList = 31B13F772C854624009EB449 /* Build configuration list for PBXNativeTarget "MarsViewProjectUITests" */;
			buildPhases = (
				31B13F632C854624009EB449 /* Sources */,
				31B13F642C854624009EB449 /* Frameworks */,
				31B13F652C854624009EB449 /* Resources */,
			);
			buildRules = (
			);
			dependencies = (
				31B13F692C854624009EB449 /* PBXTargetDependency */,
			);
			name = MarsViewProjectUITests;
			productName = MarsViewProjectUITests;
			productReference = 31B13F672C854624009EB449 /* MarsViewProjectUITests.xctest */;
			productType = "com.apple.product-type.bundle.ui-testing";
		};
/* End PBXNativeTarget section */

/* Begin PBXProject section */
		31B13F3F2C854620009EB449 /* Project object */ = {
			isa = PBXProject;
			attributes = {
				BuildIndependentTargetsInParallel = 1;
				LastSwiftUpdateCheck = 1540;
				LastUpgradeCheck = 1540;
				TargetAttributes = {
					31B13F462C854620009EB449 = {
						CreatedOnToolsVersion = 15.4;
					};
					31B13F5C2C854624009EB449 = {
						CreatedOnToolsVersion = 15.4;
						TestTargetID = 31B13F462C854620009EB449;
					};
					31B13F662C854624009EB449 = {
						CreatedOnToolsVersion = 15.4;
						TestTargetID = 31B13F462C854620009EB449;
					};
				};
			};
			buildConfigurationList = 31B13F422C854620009EB449 /* Build configuration list for PBXProject "MarsViewProject" */;
			compatibilityVersion = "Xcode 14.0";
			developmentRegion = en;
			hasScannedForEncodings = 0;
			knownRegions = (
				en,
				Base,
			);
			mainGroup = 31B13F3E2C854620009EB449;
			productRefGroup = 31B13F482C854620009EB449 /* Products */;
			projectDirPath = "";
			projectRoot = "";
			targets = (
				31B13F462C854620009EB449 /* MarsViewProject */,
				31B13F5C2C854624009EB449 /* MarsViewProjectTests */,
				31B13F662C854624009EB449 /* MarsViewProjectUITests */,
			);
		};
/* End PBXProject section */

/* Begin PBXResourcesBuildPhase section */
		31B13F452C854620009EB449 /* Resources */ = {
			isa = PBXResourcesBuildPhase;
			buildActionMask = 2147483647;
			files = (
				3108265E2C854B7000DE7E79 /* ViewCollectionCell.xib in Resources */,
				310826502C854A1600DE7E79 /* HistoryCell.xib in Resources */,
				31B13F542C854623009EB449 /* Assets.xcassets in Resources */,
				31B13F572C854623009EB449 /* Base in Resources */,
				3108264B2C8549AB00DE7E79 /* HomeCell.xib in Resources */,
				31B13F522C854620009EB449 /* Base in Resources */,
			);
			runOnlyForDeploymentPostprocessing = 0;
		};
		31B13F5B2C854624009EB449 /* Resources */ = {
			isa = PBXResourcesBuildPhase;
			buildActionMask = 2147483647;
			files = (
			);
			runOnlyForDeploymentPostprocessing = 0;
		};
		31B13F652C854624009EB449 /* Resources */ = {
			isa = PBXResourcesBuildPhase;
			buildActionMask = 2147483647;
			files = (
			);
			runOnlyForDeploymentPostprocessing = 0;
		};
/* End PBXResourcesBuildPhase section */

/* Begin PBXSourcesBuildPhase section */
		31B13F432C854620009EB449 /* Sources */ = {
			isa = PBXSourcesBuildPhase;
			buildActionMask = 2147483647;
			files = (
				310826562C854AF600DE7E79 /* DateViewController.swift in Sources */,
				310826772C854D3200DE7E79 /* HomeViewModel.swift in Sources */,
				31B13F4B2C854620009EB449 /* AppDelegate.swift in Sources */,
				310826882C854EB100DE7E79 /* HistoryViewController.swift in Sources */,
				3108267C2C854D7800DE7E79 /* PhotosResponse.swift in Sources */,
				310826862C854DF300DE7E79 /* CameraElement.swift in Sources */,
				310826672C854C4200DE7E79 /* FilterSelectionDelegate.swift in Sources */,
				3108265D2C854B7000DE7E79 /* ViewCollectionCell.swift in Sources */,
				3108264A2C8549AB00DE7E79 /* HomeCell.swift in Sources */,
				3108266D2C854C9D00DE7E79 /* HomeCellDelegate.swift in Sources */,
				31B13F7F2C8546F3009EB449 /* FiltersMode+CoreDataClass.swift in Sources */,
				310826532C854AC100DE7E79 /* FilterViewController.swift in Sources */,
				31B13F802C8546F3009EB449 /* FiltersMode+CoreDataProperties.swift in Sources */,
				310826642C854C0000DE7E79 /* MenuCardViewController.swift in Sources */,
				310826722C854CE700DE7E79 /* NetworkService.swift in Sources */,
				3108266B2C854C7B00DE7E79 /* MenuCardViewControllerDelegate.swift in Sources */,
				310826742C854D0600DE7E79 /* ImageCache.swift in Sources */,
				31B13F4D2C854620009EB449 /* SceneDelegate.swift in Sources */,
				310826692C854C5F00DE7E79 /* HistoryViewControllerDelegate.swift in Sources */,
				3108267A2C854D5F00DE7E79 /* Photo.swift in Sources */,
				310826702C854CCB00DE7E79 /* CoreDataService.swift in Sources */,
				310826802C854DA500DE7E79 /* Model.swift in Sources */,
				310826842C854DDB00DE7E79 /* Rover.swift in Sources */,
				31B13F7C2C85465E009EB449 /* FiltersModel.xcdatamodeld in Sources */,
				3108264F2C854A1600DE7E79 /* HistoryCell.swift in Sources */,
				310826822C854DC200DE7E79 /* PhotoCamera.swift in Sources */,
				3108267E2C854D8E00DE7E79 /* RoversResponse.swift in Sources */,
				310826592C854B2D00DE7E79 /* ViewRoverPhotoViewController.swift in Sources */,
				310826612C854BD200DE7E79 /* SaveFiltersViewController.swift in Sources */,
				310826462C85496300DE7E79 /* HomeViewController.swift in Sources */,
			);
			runOnlyForDeploymentPostprocessing = 0;
		};
		31B13F592C854624009EB449 /* Sources */ = {
			isa = PBXSourcesBuildPhase;
			buildActionMask = 2147483647;
			files = (
				31B13F622C854624009EB449 /* MarsViewProjectTests.swift in Sources */,
			);
			runOnlyForDeploymentPostprocessing = 0;
		};
		31B13F632C854624009EB449 /* Sources */ = {
			isa = PBXSourcesBuildPhase;
			buildActionMask = 2147483647;
			files = (
				31B13F6E2C854624009EB449 /* MarsViewProjectUITestsLaunchTests.swift in Sources */,
				31B13F6C2C854624009EB449 /* MarsViewProjectUITests.swift in Sources */,
			);
			runOnlyForDeploymentPostprocessing = 0;
		};
/* End PBXSourcesBuildPhase section */

/* Begin PBXTargetDependency section */
		31B13F5F2C854624009EB449 /* PBXTargetDependency */ = {
			isa = PBXTargetDependency;
			target = 31B13F462C854620009EB449 /* MarsViewProject */;
			targetProxy = 31B13F5E2C854624009EB449 /* PBXContainerItemProxy */;
		};
		31B13F692C854624009EB449 /* PBXTargetDependency */ = {
			isa = PBXTargetDependency;
			target = 31B13F462C854620009EB449 /* MarsViewProject */;
			targetProxy = 31B13F682C854624009EB449 /* PBXContainerItemProxy */;
		};
/* End PBXTargetDependency section */

/* Begin PBXVariantGroup section */
		31B13F502C854620009EB449 /* Main.storyboard */ = {
			isa = PBXVariantGroup;
			children = (
				31B13F512C854620009EB449 /* Base */,
			);
			name = Main.storyboard;
			sourceTree = "<group>";
		};
		31B13F552C854623009EB449 /* LaunchScreen.storyboard */ = {
			isa = PBXVariantGroup;
			children = (
				31B13F562C854623009EB449 /* Base */,
			);
			name = LaunchScreen.storyboard;
			sourceTree = "<group>";
		};
/* End PBXVariantGroup section */

/* Begin XCBuildConfiguration section */
		31B13F6F2C854624009EB449 /* Debug */ = {
			isa = XCBuildConfiguration;
			buildSettings = {
				ALWAYS_SEARCH_USER_PATHS = NO;
				ASSETCATALOG_COMPILER_GENERATE_SWIFT_ASSET_SYMBOL_EXTENSIONS = YES;
				CLANG_ANALYZER_NONNULL = YES;
				CLANG_ANALYZER_NUMBER_OBJECT_CONVERSION = YES_AGGRESSIVE;
				CLANG_CXX_LANGUAGE_STANDARD = "gnu++20";
				CLANG_ENABLE_MODULES = YES;
				CLANG_ENABLE_OBJC_ARC = YES;
				CLANG_ENABLE_OBJC_WEAK = YES;
				CLANG_WARN_BLOCK_CAPTURE_AUTORELEASING = YES;
				CLANG_WARN_BOOL_CONVERSION = YES;
				CLANG_WARN_COMMA = YES;
				CLANG_WARN_CONSTANT_CONVERSION = YES;
				CLANG_WARN_DEPRECATED_OBJC_IMPLEMENTATIONS = YES;
				CLANG_WARN_DIRECT_OBJC_ISA_USAGE = YES_ERROR;
				CLANG_WARN_DOCUMENTATION_COMMENTS = YES;
				CLANG_WARN_EMPTY_BODY = YES;
				CLANG_WARN_ENUM_CONVERSION = YES;
				CLANG_WARN_INFINITE_RECURSION = YES;
				CLANG_WARN_INT_CONVERSION = YES;
				CLANG_WARN_NON_LITERAL_NULL_CONVERSION = YES;
				CLANG_WARN_OBJC_IMPLICIT_RETAIN_SELF = YES;
				CLANG_WARN_OBJC_LITERAL_CONVERSION = YES;
				CLANG_WARN_OBJC_ROOT_CLASS = YES_ERROR;
				CLANG_WARN_QUOTED_INCLUDE_IN_FRAMEWORK_HEADER = YES;
				CLANG_WARN_RANGE_LOOP_ANALYSIS = YES;
				CLANG_WARN_STRICT_PROTOTYPES = YES;
				CLANG_WARN_SUSPICIOUS_MOVE = YES;
				CLANG_WARN_UNGUARDED_AVAILABILITY = YES_AGGRESSIVE;
				CLANG_WARN_UNREACHABLE_CODE = YES;
				CLANG_WARN__DUPLICATE_METHOD_MATCH = YES;
				COPY_PHASE_STRIP = NO;
				DEBUG_INFORMATION_FORMAT = dwarf;
				ENABLE_STRICT_OBJC_MSGSEND = YES;
				ENABLE_TESTABILITY = YES;
				ENABLE_USER_SCRIPT_SANDBOXING = YES;
				GCC_C_LANGUAGE_STANDARD = gnu17;
				GCC_DYNAMIC_NO_PIC = NO;
				GCC_NO_COMMON_BLOCKS = YES;
				GCC_OPTIMIZATION_LEVEL = 0;
				GCC_PREPROCESSOR_DEFINITIONS = (
					"DEBUG=1",
					"$(inherited)",
				);
				GCC_WARN_64_TO_32_BIT_CONVERSION = YES;
				GCC_WARN_ABOUT_RETURN_TYPE = YES_ERROR;
				GCC_WARN_UNDECLARED_SELECTOR = YES;
				GCC_WARN_UNINITIALIZED_AUTOS = YES_AGGRESSIVE;
				GCC_WARN_UNUSED_FUNCTION = YES;
				GCC_WARN_UNUSED_VARIABLE = YES;
				IPHONEOS_DEPLOYMENT_TARGET = 17.5;
				LOCALIZATION_PREFERS_STRING_CATALOGS = YES;
				MTL_ENABLE_DEBUG_INFO = INCLUDE_SOURCE;
				MTL_FAST_MATH = YES;
				ONLY_ACTIVE_ARCH = YES;
				SDKROOT = iphoneos;
				SWIFT_ACTIVE_COMPILATION_CONDITIONS = "DEBUG $(inherited)";
				SWIFT_OPTIMIZATION_LEVEL = "-Onone";
			};
			name = Debug;
		};
		31B13F702C854624009EB449 /* Release */ = {
			isa = XCBuildConfiguration;
			buildSettings = {
				ALWAYS_SEARCH_USER_PATHS = NO;
				ASSETCATALOG_COMPILER_GENERATE_SWIFT_ASSET_SYMBOL_EXTENSIONS = YES;
				CLANG_ANALYZER_NONNULL = YES;
				CLANG_ANALYZER_NUMBER_OBJECT_CONVERSION = YES_AGGRESSIVE;
				CLANG_CXX_LANGUAGE_STANDARD = "gnu++20";
				CLANG_ENABLE_MODULES = YES;
				CLANG_ENABLE_OBJC_ARC = YES;
				CLANG_ENABLE_OBJC_WEAK = YES;
				CLANG_WARN_BLOCK_CAPTURE_AUTORELEASING = YES;
				CLANG_WARN_BOOL_CONVERSION = YES;
				CLANG_WARN_COMMA = YES;
				CLANG_WARN_CONSTANT_CONVERSION = YES;
				CLANG_WARN_DEPRECATED_OBJC_IMPLEMENTATIONS = YES;
				CLANG_WARN_DIRECT_OBJC_ISA_USAGE = YES_ERROR;
				CLANG_WARN_DOCUMENTATION_COMMENTS = YES;
				CLANG_WARN_EMPTY_BODY = YES;
				CLANG_WARN_ENUM_CONVERSION = YES;
				CLANG_WARN_INFINITE_RECURSION = YES;
				CLANG_WARN_INT_CONVERSION = YES;
				CLANG_WARN_NON_LITERAL_NULL_CONVERSION = YES;
				CLANG_WARN_OBJC_IMPLICIT_RETAIN_SELF = YES;
				CLANG_WARN_OBJC_LITERAL_CONVERSION = YES;
				CLANG_WARN_OBJC_ROOT_CLASS = YES_ERROR;
				CLANG_WARN_QUOTED_INCLUDE_IN_FRAMEWORK_HEADER = YES;
				CLANG_WARN_RANGE_LOOP_ANALYSIS = YES;
				CLANG_WARN_STRICT_PROTOTYPES = YES;
				CLANG_WARN_SUSPICIOUS_MOVE = YES;
				CLANG_WARN_UNGUARDED_AVAILABILITY = YES_AGGRESSIVE;
				CLANG_WARN_UNREACHABLE_CODE = YES;
				CLANG_WARN__DUPLICATE_METHOD_MATCH = YES;
				COPY_PHASE_STRIP = NO;
				DEBUG_INFORMATION_FORMAT = "dwarf-with-dsym";
				ENABLE_NS_ASSERTIONS = NO;
				ENABLE_STRICT_OBJC_MSGSEND = YES;
				ENABLE_USER_SCRIPT_SANDBOXING = YES;
				GCC_C_LANGUAGE_STANDARD = gnu17;
				GCC_NO_COMMON_BLOCKS = YES;
				GCC_WARN_64_TO_32_BIT_CONVERSION = YES;
				GCC_WARN_ABOUT_RETURN_TYPE = YES_ERROR;
				GCC_WARN_UNDECLARED_SELECTOR = YES;
				GCC_WARN_UNINITIALIZED_AUTOS = YES_AGGRESSIVE;
				GCC_WARN_UNUSED_FUNCTION = YES;
				GCC_WARN_UNUSED_VARIABLE = YES;
				IPHONEOS_DEPLOYMENT_TARGET = 17.5;
				LOCALIZATION_PREFERS_STRING_CATALOGS = YES;
				MTL_ENABLE_DEBUG_INFO = NO;
				MTL_FAST_MATH = YES;
				SDKROOT = iphoneos;
				SWIFT_COMPILATION_MODE = wholemodule;
				VALIDATE_PRODUCT = YES;
			};
			name = Release;
		};
		31B13F722C854624009EB449 /* Debug */ = {
			isa = XCBuildConfiguration;
			buildSettings = {
				ASSETCATALOG_COMPILER_APPICON_NAME = AppIcon;
				ASSETCATALOG_COMPILER_GLOBAL_ACCENT_COLOR_NAME = AccentColor;
				CODE_SIGN_STYLE = Automatic;
				CURRENT_PROJECT_VERSION = 1;
				GENERATE_INFOPLIST_FILE = YES;
				INFOPLIST_FILE = MarsViewProject/Info.plist;
				INFOPLIST_KEY_UIApplicationSupportsIndirectInputEvents = YES;
				INFOPLIST_KEY_UILaunchStoryboardName = LaunchScreen;
				INFOPLIST_KEY_UIMainStoryboardFile = Main;
				INFOPLIST_KEY_UISupportedInterfaceOrientations_iPad = "UIInterfaceOrientationPortrait UIInterfaceOrientationPortraitUpsideDown UIInterfaceOrientationLandscapeLeft UIInterfaceOrientationLandscapeRight";
				INFOPLIST_KEY_UISupportedInterfaceOrientations_iPhone = "UIInterfaceOrientationPortrait UIInterfaceOrientationLandscapeLeft UIInterfaceOrientationLandscapeRight";
				LD_RUNPATH_SEARCH_PATHS = (
					"$(inherited)",
					"@executable_path/Frameworks",
				);
				MARKETING_VERSION = 1.0;
				PRODUCT_BUNDLE_IDENTIFIER = AlinaHryshchenko.MarsViewProject;
				PRODUCT_NAME = "$(TARGET_NAME)";
				SWIFT_EMIT_LOC_STRINGS = YES;
				SWIFT_VERSION = 5.0;
				TARGETED_DEVICE_FAMILY = "1,2";
			};
			name = Debug;
		};
		31B13F732C854624009EB449 /* Release */ = {
			isa = XCBuildConfiguration;
			buildSettings = {
				ASSETCATALOG_COMPILER_APPICON_NAME = AppIcon;
				ASSETCATALOG_COMPILER_GLOBAL_ACCENT_COLOR_NAME = AccentColor;
				CODE_SIGN_STYLE = Automatic;
				CURRENT_PROJECT_VERSION = 1;
				GENERATE_INFOPLIST_FILE = YES;
				INFOPLIST_FILE = MarsViewProject/Info.plist;
				INFOPLIST_KEY_UIApplicationSupportsIndirectInputEvents = YES;
				INFOPLIST_KEY_UILaunchStoryboardName = LaunchScreen;
				INFOPLIST_KEY_UIMainStoryboardFile = Main;
				INFOPLIST_KEY_UISupportedInterfaceOrientations_iPad = "UIInterfaceOrientationPortrait UIInterfaceOrientationPortraitUpsideDown UIInterfaceOrientationLandscapeLeft UIInterfaceOrientationLandscapeRight";
				INFOPLIST_KEY_UISupportedInterfaceOrientations_iPhone = "UIInterfaceOrientationPortrait UIInterfaceOrientationLandscapeLeft UIInterfaceOrientationLandscapeRight";
				LD_RUNPATH_SEARCH_PATHS = (
					"$(inherited)",
					"@executable_path/Frameworks",
				);
				MARKETING_VERSION = 1.0;
				PRODUCT_BUNDLE_IDENTIFIER = AlinaHryshchenko.MarsViewProject;
				PRODUCT_NAME = "$(TARGET_NAME)";
				SWIFT_EMIT_LOC_STRINGS = YES;
				SWIFT_VERSION = 5.0;
				TARGETED_DEVICE_FAMILY = "1,2";
			};
			name = Release;
		};
		31B13F752C854624009EB449 /* Debug */ = {
			isa = XCBuildConfiguration;
			buildSettings = {
				ALWAYS_EMBED_SWIFT_STANDARD_LIBRARIES = YES;
				BUNDLE_LOADER = "$(TEST_HOST)";
				CODE_SIGN_STYLE = Automatic;
				CURRENT_PROJECT_VERSION = 1;
				GENERATE_INFOPLIST_FILE = YES;
				IPHONEOS_DEPLOYMENT_TARGET = 17.5;
				MARKETING_VERSION = 1.0;
				PRODUCT_BUNDLE_IDENTIFIER = AlinaHryshchenko.MarsViewProjectTests;
				PRODUCT_NAME = "$(TARGET_NAME)";
				SWIFT_EMIT_LOC_STRINGS = NO;
				SWIFT_VERSION = 5.0;
				TARGETED_DEVICE_FAMILY = "1,2";
				TEST_HOST = "$(BUILT_PRODUCTS_DIR)/MarsViewProject.app/$(BUNDLE_EXECUTABLE_FOLDER_PATH)/MarsViewProject";
			};
			name = Debug;
		};
		31B13F762C854624009EB449 /* Release */ = {
			isa = XCBuildConfiguration;
			buildSettings = {
				ALWAYS_EMBED_SWIFT_STANDARD_LIBRARIES = YES;
				BUNDLE_LOADER = "$(TEST_HOST)";
				CODE_SIGN_STYLE = Automatic;
				CURRENT_PROJECT_VERSION = 1;
				GENERATE_INFOPLIST_FILE = YES;
				IPHONEOS_DEPLOYMENT_TARGET = 17.5;
				MARKETING_VERSION = 1.0;
				PRODUCT_BUNDLE_IDENTIFIER = AlinaHryshchenko.MarsViewProjectTests;
				PRODUCT_NAME = "$(TARGET_NAME)";
				SWIFT_EMIT_LOC_STRINGS = NO;
				SWIFT_VERSION = 5.0;
				TARGETED_DEVICE_FAMILY = "1,2";
				TEST_HOST = "$(BUILT_PRODUCTS_DIR)/MarsViewProject.app/$(BUNDLE_EXECUTABLE_FOLDER_PATH)/MarsViewProject";
			};
			name = Release;
		};
		31B13F782C854624009EB449 /* Debug */ = {
			isa = XCBuildConfiguration;
			buildSettings = {
				ALWAYS_EMBED_SWIFT_STANDARD_LIBRARIES = YES;
				CODE_SIGN_STYLE = Automatic;
				CURRENT_PROJECT_VERSION = 1;
				GENERATE_INFOPLIST_FILE = YES;
				MARKETING_VERSION = 1.0;
				PRODUCT_BUNDLE_IDENTIFIER = AlinaHryshchenko.MarsViewProjectUITests;
				PRODUCT_NAME = "$(TARGET_NAME)";
				SWIFT_EMIT_LOC_STRINGS = NO;
				SWIFT_VERSION = 5.0;
				TARGETED_DEVICE_FAMILY = "1,2";
				TEST_TARGET_NAME = MarsViewProject;
			};
			name = Debug;
		};
		31B13F792C854624009EB449 /* Release */ = {
			isa = XCBuildConfiguration;
			buildSettings = {
				ALWAYS_EMBED_SWIFT_STANDARD_LIBRARIES = YES;
				CODE_SIGN_STYLE = Automatic;
				CURRENT_PROJECT_VERSION = 1;
				GENERATE_INFOPLIST_FILE = YES;
				MARKETING_VERSION = 1.0;
				PRODUCT_BUNDLE_IDENTIFIER = AlinaHryshchenko.MarsViewProjectUITests;
				PRODUCT_NAME = "$(TARGET_NAME)";
				SWIFT_EMIT_LOC_STRINGS = NO;
				SWIFT_VERSION = 5.0;
				TARGETED_DEVICE_FAMILY = "1,2";
				TEST_TARGET_NAME = MarsViewProject;
			};
			name = Release;
		};
/* End XCBuildConfiguration section */

/* Begin XCConfigurationList section */
		31B13F422C854620009EB449 /* Build configuration list for PBXProject "MarsViewProject" */ = {
			isa = XCConfigurationList;
			buildConfigurations = (
				31B13F6F2C854624009EB449 /* Debug */,
				31B13F702C854624009EB449 /* Release */,
			);
			defaultConfigurationIsVisible = 0;
			defaultConfigurationName = Release;
		};
		31B13F712C854624009EB449 /* Build configuration list for PBXNativeTarget "MarsViewProject" */ = {
			isa = XCConfigurationList;
			buildConfigurations = (
				31B13F722C854624009EB449 /* Debug */,
				31B13F732C854624009EB449 /* Release */,
			);
			defaultConfigurationIsVisible = 0;
			defaultConfigurationName = Release;
		};
		31B13F742C854624009EB449 /* Build configuration list for PBXNativeTarget "MarsViewProjectTests" */ = {
			isa = XCConfigurationList;
			buildConfigurations = (
				31B13F752C854624009EB449 /* Debug */,
				31B13F762C854624009EB449 /* Release */,
			);
			defaultConfigurationIsVisible = 0;
			defaultConfigurationName = Release;
		};
		31B13F772C854624009EB449 /* Build configuration list for PBXNativeTarget "MarsViewProjectUITests" */ = {
			isa = XCConfigurationList;
			buildConfigurations = (
				31B13F782C854624009EB449 /* Debug */,
				31B13F792C854624009EB449 /* Release */,
			);
			defaultConfigurationIsVisible = 0;
			defaultConfigurationName = Release;
		};
/* End XCConfigurationList section */

/* Begin XCVersionGroup section */
		319352B22C85486400469869 /* FiltersModel.xcdatamodeld */ = {
			isa = XCVersionGroup;
			children = (
				319352B32C85486400469869 /* FiltersModel.xcdatamodel */,
			);
			currentVersion = 319352B32C85486400469869 /* FiltersModel.xcdatamodel */;
			name = FiltersModel.xcdatamodeld;
			path = /Users/alinalosakova/Documents/Swift/MarsView/MarsViewProject/MarsViewProject/DataBase/FiltersModel.xcdatamodeld;
			sourceTree = "<group>";
			versionGroupType = wrapper.xcdatamodel;
		};
		31B13F7A2C85465E009EB449 /* FiltersModel.xcdatamodeld */ = {
			isa = XCVersionGroup;
			children = (
				31B13F7B2C85465E009EB449 /* FiltersModel.xcdatamodel */,
			);
			currentVersion = 31B13F7B2C85465E009EB449 /* FiltersModel.xcdatamodel */;
			name = FiltersModel.xcdatamodeld;
			path = /Users/alinalosakova/Downloads/FiltersModel.xcdatamodeld;
			sourceTree = "<group>";
			versionGroupType = wrapper.xcdatamodel;
		};
/* End XCVersionGroup section */
	};
	rootObject = 31B13F3F2C854620009EB449 /* Project object */;
}
